// !$*UTF8*$!
{
	archiveVersion = 1;
	classes = {
	};
	objectVersion = 50;
	objects = {

/* Begin PBXBuildFile section */
		6D97C7AE22CC1E810004E9D1 /* AppDelegate.swift in Sources */ = {isa = PBXBuildFile; fileRef = 6D97C7AD22CC1E810004E9D1 /* AppDelegate.swift */; };
		6D97C7B022CC1E810004E9D1 /* SceneDelegate.swift in Sources */ = {isa = PBXBuildFile; fileRef = 6D97C7AF22CC1E810004E9D1 /* SceneDelegate.swift */; };
		6D97C7B222CC1E810004E9D1 /* ContentView.swift in Sources */ = {isa = PBXBuildFile; fileRef = 6D97C7B122CC1E810004E9D1 /* ContentView.swift */; };
		6D97C7B422CC1E840004E9D1 /* Assets.xcassets in Resources */ = {isa = PBXBuildFile; fileRef = 6D97C7B322CC1E840004E9D1 /* Assets.xcassets */; };
		6D97C7B722CC1E840004E9D1 /* Preview Assets.xcassets in Resources */ = {isa = PBXBuildFile; fileRef = 6D97C7B622CC1E840004E9D1 /* Preview Assets.xcassets */; };
		6D97C7BA22CC1E840004E9D1 /* LaunchScreen.storyboard in Resources */ = {isa = PBXBuildFile; fileRef = 6D97C7B822CC1E840004E9D1 /* LaunchScreen.storyboard */; };
		6D97C7C522CC1E840004E9D1 /* SwiftUITournTests.swift in Sources */ = {isa = PBXBuildFile; fileRef = 6D97C7C422CC1E840004E9D1 /* SwiftUITournTests.swift */; };
		6D97C7D022CC1E840004E9D1 /* SwiftUITournUITests.swift in Sources */ = {isa = PBXBuildFile; fileRef = 6D97C7CF22CC1E840004E9D1 /* SwiftUITournUITests.swift */; };
		6D97C7E222CC1EB60004E9D1 /* Data.swift in Sources */ = {isa = PBXBuildFile; fileRef = 6D97C7DE22CC1EB60004E9D1 /* Data.swift */; };
		6D97C7E322CC1EB60004E9D1 /* TournamentDetail.swift in Sources */ = {isa = PBXBuildFile; fileRef = 6D97C7DF22CC1EB60004E9D1 /* TournamentDetail.swift */; };
		6D97C7E422CC1EB60004E9D1 /* TournView.swift in Sources */ = {isa = PBXBuildFile; fileRef = 6D97C7E022CC1EB60004E9D1 /* TournView.swift */; };
		6D97C7E522CC1EB60004E9D1 /* Tourn.swift in Sources */ = {isa = PBXBuildFile; fileRef = 6D97C7E122CC1EB60004E9D1 /* Tourn.swift */; };
		6DD4BBBD22CC2EB40031C0BC /* History.swift in Sources */ = {isa = PBXBuildFile; fileRef = 6DD4BBBC22CC2EB40031C0BC /* History.swift */; };
/* End PBXBuildFile section */

/* Begin PBXContainerItemProxy section */
		6D97C7C122CC1E840004E9D1 /* PBXContainerItemProxy */ = {
			isa = PBXContainerItemProxy;
			containerPortal = 6D97C7A222CC1E810004E9D1 /* Project object */;
			proxyType = 1;
			remoteGlobalIDString = 6D97C7A922CC1E810004E9D1;
			remoteInfo = SwiftUITourn;
		};
		6D97C7CC22CC1E840004E9D1 /* PBXContainerItemProxy */ = {
			isa = PBXContainerItemProxy;
			containerPortal = 6D97C7A222CC1E810004E9D1 /* Project object */;
			proxyType = 1;
			remoteGlobalIDString = 6D97C7A922CC1E810004E9D1;
			remoteInfo = SwiftUITourn;
		};
/* End PBXContainerItemProxy section */

/* Begin PBXFileReference section */
		6D97C7AA22CC1E810004E9D1 /* SwiftUITourn.app */ = {isa = PBXFileReference; explicitFileType = wrapper.application; includeInIndex = 0; path = SwiftUITourn.app; sourceTree = BUILT_PRODUCTS_DIR; };
		6D97C7AD22CC1E810004E9D1 /* AppDelegate.swift */ = {isa = PBXFileReference; lastKnownFileType = sourcecode.swift; path = AppDelegate.swift; sourceTree = "<group>"; };
		6D97C7AF22CC1E810004E9D1 /* SceneDelegate.swift */ = {isa = PBXFileReference; lastKnownFileType = sourcecode.swift; path = SceneDelegate.swift; sourceTree = "<group>"; };
		6D97C7B122CC1E810004E9D1 /* ContentView.swift */ = {isa = PBXFileReference; lastKnownFileType = sourcecode.swift; path = ContentView.swift; sourceTree = "<group>"; };
		6D97C7B322CC1E840004E9D1 /* Assets.xcassets */ = {isa = PBXFileReference; lastKnownFileType = folder.assetcatalog; path = Assets.xcassets; sourceTree = "<group>"; };
		6D97C7B622CC1E840004E9D1 /* Preview Assets.xcassets */ = {isa = PBXFileReference; lastKnownFileType = folder.assetcatalog; path = "Preview Assets.xcassets"; sourceTree = "<group>"; };
		6D97C7B922CC1E840004E9D1 /* Base */ = {isa = PBXFileReference; lastKnownFileType = file.storyboard; name = Base; path = Base.lproj/LaunchScreen.storyboard; sourceTree = "<group>"; };
		6D97C7BB22CC1E840004E9D1 /* Info.plist */ = {isa = PBXFileReference; lastKnownFileType = text.plist.xml; path = Info.plist; sourceTree = "<group>"; };
		6D97C7C022CC1E840004E9D1 /* SwiftUITournTests.xctest */ = {isa = PBXFileReference; explicitFileType = wrapper.cfbundle; includeInIndex = 0; path = SwiftUITournTests.xctest; sourceTree = BUILT_PRODUCTS_DIR; };
		6D97C7C422CC1E840004E9D1 /* SwiftUITournTests.swift */ = {isa = PBXFileReference; lastKnownFileType = sourcecode.swift; path = SwiftUITournTests.swift; sourceTree = "<group>"; };
		6D97C7C622CC1E840004E9D1 /* Info.plist */ = {isa = PBXFileReference; lastKnownFileType = text.plist.xml; path = Info.plist; sourceTree = "<group>"; };
		6D97C7CB22CC1E840004E9D1 /* SwiftUITournUITests.xctest */ = {isa = PBXFileReference; explicitFileType = wrapper.cfbundle; includeInIndex = 0; path = SwiftUITournUITests.xctest; sourceTree = BUILT_PRODUCTS_DIR; };
		6D97C7CF22CC1E840004E9D1 /* SwiftUITournUITests.swift */ = {isa = PBXFileReference; lastKnownFileType = sourcecode.swift; path = SwiftUITournUITests.swift; sourceTree = "<group>"; };
		6D97C7D122CC1E840004E9D1 /* Info.plist */ = {isa = PBXFileReference; lastKnownFileType = text.plist.xml; path = Info.plist; sourceTree = "<group>"; };
		6D97C7DE22CC1EB60004E9D1 /* Data.swift */ = {isa = PBXFileReference; fileEncoding = 4; lastKnownFileType = sourcecode.swift; path = Data.swift; sourceTree = "<group>"; };
		6D97C7DF22CC1EB60004E9D1 /* TournamentDetail.swift */ = {isa = PBXFileReference; fileEncoding = 4; lastKnownFileType = sourcecode.swift; path = TournamentDetail.swift; sourceTree = "<group>"; };
		6D97C7E022CC1EB60004E9D1 /* TournView.swift */ = {isa = PBXFileReference; fileEncoding = 4; lastKnownFileType = sourcecode.swift; path = TournView.swift; sourceTree = "<group>"; };
		6D97C7E122CC1EB60004E9D1 /* Tourn.swift */ = {isa = PBXFileReference; fileEncoding = 4; lastKnownFileType = sourcecode.swift; path = Tourn.swift; sourceTree = "<group>"; };
		6DD4BBBC22CC2EB40031C0BC /* History.swift */ = {isa = PBXFileReference; lastKnownFileType = sourcecode.swift; path = History.swift; sourceTree = "<group>"; };
/* End PBXFileReference section */

/* Begin PBXFrameworksBuildPhase section */
		6D97C7A722CC1E810004E9D1 /* Frameworks */ = {
			isa = PBXFrameworksBuildPhase;
			buildActionMask = 2147483647;
			files = (
			);
			runOnlyForDeploymentPostprocessing = 0;
		};
		6D97C7BD22CC1E840004E9D1 /* Frameworks */ = {
			isa = PBXFrameworksBuildPhase;
			buildActionMask = 2147483647;
			files = (
			);
			runOnlyForDeploymentPostprocessing = 0;
		};
		6D97C7C822CC1E840004E9D1 /* Frameworks */ = {
			isa = PBXFrameworksBuildPhase;
			buildActionMask = 2147483647;
			files = (
			);
			runOnlyForDeploymentPostprocessing = 0;
		};
/* End PBXFrameworksBuildPhase section */

/* Begin PBXGroup section */
		6D97C7A122CC1E810004E9D1 = {
			isa = PBXGroup;
			children = (
				6D97C7AC22CC1E810004E9D1 /* SwiftUITourn */,
				6D97C7C322CC1E840004E9D1 /* SwiftUITournTests */,
				6D97C7CE22CC1E840004E9D1 /* SwiftUITournUITests */,
				6D97C7AB22CC1E810004E9D1 /* Products */,
			);
			sourceTree = "<group>";
		};
		6D97C7AB22CC1E810004E9D1 /* Products */ = {
			isa = PBXGroup;
			children = (
				6D97C7AA22CC1E810004E9D1 /* SwiftUITourn.app */,
				6D97C7C022CC1E840004E9D1 /* SwiftUITournTests.xctest */,
				6D97C7CB22CC1E840004E9D1 /* SwiftUITournUITests.xctest */,
			);
			name = Products;
			sourceTree = "<group>";
		};
		6D97C7AC22CC1E810004E9D1 /* SwiftUITourn */ = {
			isa = PBXGroup;
			children = (
				6D97C7AD22CC1E810004E9D1 /* AppDelegate.swift */,
				6D97C7AF22CC1E810004E9D1 /* SceneDelegate.swift */,
				6D97C7B122CC1E810004E9D1 /* ContentView.swift */,
				6D97C7DD22CC1EA00004E9D1 /* Custom */,
				6D97C7B322CC1E840004E9D1 /* Assets.xcassets */,
				6D97C7B822CC1E840004E9D1 /* LaunchScreen.storyboard */,
				6D97C7BB22CC1E840004E9D1 /* Info.plist */,
				6D97C7B522CC1E840004E9D1 /* Preview Content */,
			);
			path = SwiftUITourn;
			sourceTree = "<group>";
		};
		6D97C7B522CC1E840004E9D1 /* Preview Content */ = {
			isa = PBXGroup;
			children = (
				6D97C7B622CC1E840004E9D1 /* Preview Assets.xcassets */,
			);
			path = "Preview Content";
			sourceTree = "<group>";
		};
		6D97C7C322CC1E840004E9D1 /* SwiftUITournTests */ = {
			isa = PBXGroup;
			children = (
				6D97C7C422CC1E840004E9D1 /* SwiftUITournTests.swift */,
				6D97C7C622CC1E840004E9D1 /* Info.plist */,
			);
			path = SwiftUITournTests;
			sourceTree = "<group>";
		};
		6D97C7CE22CC1E840004E9D1 /* SwiftUITournUITests */ = {
			isa = PBXGroup;
			children = (
				6D97C7CF22CC1E840004E9D1 /* SwiftUITournUITests.swift */,
				6D97C7D122CC1E840004E9D1 /* Info.plist */,
			);
			path = SwiftUITournUITests;
			sourceTree = "<group>";
		};
		6D97C7DD22CC1EA00004E9D1 /* Custom */ = {
			isa = PBXGroup;
			children = (
				6D97C7E022CC1EB60004E9D1 /* TournView.swift */,
				6D97C7E122CC1EB60004E9D1 /* Tourn.swift */,
				6D97C7DE22CC1EB60004E9D1 /* Data.swift */,
				6D97C7DF22CC1EB60004E9D1 /* TournamentDetail.swift */,
				6DD4BBBC22CC2EB40031C0BC /* History.swift */,
			);
			path = Custom;
			sourceTree = "<group>";
		};
/* End PBXGroup section */

/* Begin PBXNativeTarget section */
		6D97C7A922CC1E810004E9D1 /* SwiftUITourn */ = {
			isa = PBXNativeTarget;
			buildConfigurationList = 6D97C7D422CC1E840004E9D1 /* Build configuration list for PBXNativeTarget "SwiftUITourn" */;
			buildPhases = (
				6D97C7A622CC1E810004E9D1 /* Sources */,
				6D97C7A722CC1E810004E9D1 /* Frameworks */,
				6D97C7A822CC1E810004E9D1 /* Resources */,
			);
			buildRules = (
			);
			dependencies = (
			);
			name = SwiftUITourn;
			productName = SwiftUITourn;
			productReference = 6D97C7AA22CC1E810004E9D1 /* SwiftUITourn.app */;
			productType = "com.apple.product-type.application";
		};
		6D97C7BF22CC1E840004E9D1 /* SwiftUITournTests */ = {
			isa = PBXNativeTarget;
			buildConfigurationList = 6D97C7D722CC1E840004E9D1 /* Build configuration list for PBXNativeTarget "SwiftUITournTests" */;
			buildPhases = (
				6D97C7BC22CC1E840004E9D1 /* Sources */,
				6D97C7BD22CC1E840004E9D1 /* Frameworks */,
				6D97C7BE22CC1E840004E9D1 /* Resources */,
			);
			buildRules = (
			);
			dependencies = (
				6D97C7C222CC1E840004E9D1 /* PBXTargetDependency */,
			);
			name = SwiftUITournTests;
			productName = SwiftUITournTests;
			productReference = 6D97C7C022CC1E840004E9D1 /* SwiftUITournTests.xctest */;
			productType = "com.apple.product-type.bundle.unit-test";
		};
		6D97C7CA22CC1E840004E9D1 /* SwiftUITournUITests */ = {
			isa = PBXNativeTarget;
			buildConfigurationList = 6D97C7DA22CC1E840004E9D1 /* Build configuration list for PBXNativeTarget "SwiftUITournUITests" */;
			buildPhases = (
				6D97C7C722CC1E840004E9D1 /* Sources */,
				6D97C7C822CC1E840004E9D1 /* Frameworks */,
				6D97C7C922CC1E840004E9D1 /* Resources */,
			);
			buildRules = (
			);
			dependencies = (
				6D97C7CD22CC1E840004E9D1 /* PBXTargetDependency */,
			);
			name = SwiftUITournUITests;
			productName = SwiftUITournUITests;
			productReference = 6D97C7CB22CC1E840004E9D1 /* SwiftUITournUITests.xctest */;
			productType = "com.apple.product-type.bundle.ui-testing";
		};
/* End PBXNativeTarget section */

/* Begin PBXProject section */
		6D97C7A222CC1E810004E9D1 /* Project object */ = {
			isa = PBXProject;
			attributes = {
				LastSwiftUpdateCheck = 1100;
				LastUpgradeCheck = 1100;
				ORGANIZATIONNAME = "Daniel Hoang";
				TargetAttributes = {
					6D97C7A922CC1E810004E9D1 = {
						CreatedOnToolsVersion = 11.0;
					};
					6D97C7BF22CC1E840004E9D1 = {
						CreatedOnToolsVersion = 11.0;
						TestTargetID = 6D97C7A922CC1E810004E9D1;
					};
					6D97C7CA22CC1E840004E9D1 = {
						CreatedOnToolsVersion = 11.0;
						TestTargetID = 6D97C7A922CC1E810004E9D1;
					};
				};
			};
			buildConfigurationList = 6D97C7A522CC1E810004E9D1 /* Build configuration list for PBXProject "SwiftUITourn" */;
			compatibilityVersion = "Xcode 9.3";
			developmentRegion = en;
			hasScannedForEncodings = 0;
			knownRegions = (
				en,
				Base,
			);
			mainGroup = 6D97C7A122CC1E810004E9D1;
			productRefGroup = 6D97C7AB22CC1E810004E9D1 /* Products */;
			projectDirPath = "";
			projectRoot = "";
			targets = (
				6D97C7A922CC1E810004E9D1 /* SwiftUITourn */,
				6D97C7BF22CC1E840004E9D1 /* SwiftUITournTests */,
				6D97C7CA22CC1E840004E9D1 /* SwiftUITournUITests */,
			);
		};
/* End PBXProject section */

/* Begin PBXResourcesBuildPhase section */
		6D97C7A822CC1E810004E9D1 /* Resources */ = {
			isa = PBXResourcesBuildPhase;
			buildActionMask = 2147483647;
			files = (
				6D97C7BA22CC1E840004E9D1 /* LaunchScreen.storyboard in Resources */,
				6D97C7B722CC1E840004E9D1 /* Preview Assets.xcassets in Resources */,
				6D97C7B422CC1E840004E9D1 /* Assets.xcassets in Resources */,
			);
			runOnlyForDeploymentPostprocessing = 0;
		};
		6D97C7BE22CC1E840004E9D1 /* Resources */ = {
			isa = PBXResourcesBuildPhase;
			buildActionMask = 2147483647;
			files = (
			);
			runOnlyForDeploymentPostprocessing = 0;
		};
		6D97C7C922CC1E840004E9D1 /* Resources */ = {
			isa = PBXResourcesBuildPhase;
			buildActionMask = 2147483647;
			files = (
			);
			runOnlyForDeploymentPostprocessing = 0;
		};
/* End PBXResourcesBuildPhase section */

/* Begin PBXSourcesBuildPhase section */
		6D97C7A622CC1E810004E9D1 /* Sources */ = {
			isa = PBXSourcesBuildPhase;
			buildActionMask = 2147483647;
			files = (
				6D97C7AE22CC1E810004E9D1 /* AppDelegate.swift in Sources */,
				6D97C7E522CC1EB60004E9D1 /* Tourn.swift in Sources */,
				6DD4BBBD22CC2EB40031C0BC /* History.swift in Sources */,
				6D97C7B022CC1E810004E9D1 /* SceneDelegate.swift in Sources */,
				6D97C7E322CC1EB60004E9D1 /* TournamentDetail.swift in Sources */,
				6D97C7E422CC1EB60004E9D1 /* TournView.swift in Sources */,
				6D97C7B222CC1E810004E9D1 /* ContentView.swift in Sources */,
				6D97C7E222CC1EB60004E9D1 /* Data.swift in Sources */,
			);
			runOnlyForDeploymentPostprocessing = 0;
		};
		6D97C7BC22CC1E840004E9D1 /* Sources */ = {
			isa = PBXSourcesBuildPhase;
			buildActionMask = 2147483647;
			files = (
				6D97C7C522CC1E840004E9D1 /* SwiftUITournTests.swift in Sources */,
			);
			runOnlyForDeploymentPostprocessing = 0;
		};
		6D97C7C722CC1E840004E9D1 /* Sources */ = {
			isa = PBXSourcesBuildPhase;
			buildActionMask = 2147483647;
			files = (
				6D97C7D022CC1E840004E9D1 /* SwiftUITournUITests.swift in Sources */,
			);
			runOnlyForDeploymentPostprocessing = 0;
		};
/* End PBXSourcesBuildPhase section */

/* Begin PBXTargetDependency section */
		6D97C7C222CC1E840004E9D1 /* PBXTargetDependency */ = {
			isa = PBXTargetDependency;
			target = 6D97C7A922CC1E810004E9D1 /* SwiftUITourn */;
			targetProxy = 6D97C7C122CC1E840004E9D1 /* PBXContainerItemProxy */;
		};
		6D97C7CD22CC1E840004E9D1 /* PBXTargetDependency */ = {
			isa = PBXTargetDependency;
			target = 6D97C7A922CC1E810004E9D1 /* SwiftUITourn */;
			targetProxy = 6D97C7CC22CC1E840004E9D1 /* PBXContainerItemProxy */;
		};
/* End PBXTargetDependency section */

/* Begin PBXVariantGroup section */
		6D97C7B822CC1E840004E9D1 /* LaunchScreen.storyboard */ = {
			isa = PBXVariantGroup;
			children = (
				6D97C7B922CC1E840004E9D1 /* Base */,
			);
			name = LaunchScreen.storyboard;
			sourceTree = "<group>";
		};
/* End PBXVariantGroup section */

/* Begin XCBuildConfiguration section */
		6D97C7D222CC1E840004E9D1 /* Debug */ = {
			isa = XCBuildConfiguration;
			buildSettings = {
				ALWAYS_SEARCH_USER_PATHS = NO;
				CLANG_ANALYZER_NONNULL = YES;
				CLANG_ANALYZER_NUMBER_OBJECT_CONVERSION = YES_AGGRESSIVE;
				CLANG_CXX_LANGUAGE_STANDARD = "gnu++14";
				CLANG_CXX_LIBRARY = "libc++";
				CLANG_ENABLE_MODULES = YES;
				CLANG_ENABLE_OBJC_ARC = YES;
				CLANG_ENABLE_OBJC_WEAK = YES;
				CLANG_WARN_BLOCK_CAPTURE_AUTORELEASING = YES;
				CLANG_WARN_BOOL_CONVERSION = YES;
				CLANG_WARN_COMMA = YES;
				CLANG_WARN_CONSTANT_CONVERSION = YES;
				CLANG_WARN_DEPRECATED_OBJC_IMPLEMENTATIONS = YES;
				CLANG_WARN_DIRECT_OBJC_ISA_USAGE = YES_ERROR;
				CLANG_WARN_DOCUMENTATION_COMMENTS = YES;
				CLANG_WARN_EMPTY_BODY = YES;
				CLANG_WARN_ENUM_CONVERSION = YES;
				CLANG_WARN_INFINITE_RECURSION = YES;
				CLANG_WARN_INT_CONVERSION = YES;
				CLANG_WARN_NON_LITERAL_NULL_CONVERSION = YES;
				CLANG_WARN_OBJC_IMPLICIT_RETAIN_SELF = YES;
				CLANG_WARN_OBJC_LITERAL_CONVERSION = YES;
				CLANG_WARN_OBJC_ROOT_CLASS = YES_ERROR;
				CLANG_WARN_RANGE_LOOP_ANALYSIS = YES;
				CLANG_WARN_STRICT_PROTOTYPES = YES;
				CLANG_WARN_SUSPICIOUS_MOVE = YES;
				CLANG_WARN_UNGUARDED_AVAILABILITY = YES_AGGRESSIVE;
				CLANG_WARN_UNREACHABLE_CODE = YES;
				CLANG_WARN__DUPLICATE_METHOD_MATCH = YES;
				COPY_PHASE_STRIP = NO;
				DEBUG_INFORMATION_FORMAT = dwarf;
				ENABLE_STRICT_OBJC_MSGSEND = YES;
				ENABLE_TESTABILITY = YES;
				GCC_C_LANGUAGE_STANDARD = gnu11;
				GCC_DYNAMIC_NO_PIC = NO;
				GCC_NO_COMMON_BLOCKS = YES;
				GCC_OPTIMIZATION_LEVEL = 0;
				GCC_PREPROCESSOR_DEFINITIONS = (
					"DEBUG=1",
					"$(inherited)",
				);
				GCC_WARN_64_TO_32_BIT_CONVERSION = YES;
				GCC_WARN_ABOUT_RETURN_TYPE = YES_ERROR;
				GCC_WARN_UNDECLARED_SELECTOR = YES;
				GCC_WARN_UNINITIALIZED_AUTOS = YES_AGGRESSIVE;
				GCC_WARN_UNUSED_FUNCTION = YES;
				GCC_WARN_UNUSED_VARIABLE = YES;
				IPHONEOS_DEPLOYMENT_TARGET = 13.0;
				MTL_ENABLE_DEBUG_INFO = INCLUDE_SOURCE;
				MTL_FAST_MATH = YES;
				ONLY_ACTIVE_ARCH = YES;
				SDKROOT = iphoneos;
				SWIFT_ACTIVE_COMPILATION_CONDITIONS = DEBUG;
				SWIFT_OPTIMIZATION_LEVEL = "-Onone";
			};
			name = Debug;
		};
		6D97C7D322CC1E840004E9D1 /* Release */ = {
			isa = XCBuildConfiguration;
			buildSettings = {
				ALWAYS_SEARCH_USER_PATHS = NO;
				CLANG_ANALYZER_NONNULL = YES;
				CLANG_ANALYZER_NUMBER_OBJECT_CONVERSION = YES_AGGRESSIVE;
				CLANG_CXX_LANGUAGE_STANDARD = "gnu++14";
				CLANG_CXX_LIBRARY = "libc++";
				CLANG_ENABLE_MODULES = YES;
				CLANG_ENABLE_OBJC_ARC = YES;
				CLANG_ENABLE_OBJC_WEAK = YES;
				CLANG_WARN_BLOCK_CAPTURE_AUTORELEASING = YES;
				CLANG_WARN_BOOL_CONVERSION = YES;
				CLANG_WARN_COMMA = YES;
				CLANG_WARN_CONSTANT_CONVERSION = YES;
				CLANG_WARN_DEPRECATED_OBJC_IMPLEMENTATIONS = YES;
				CLANG_WARN_DIRECT_OBJC_ISA_USAGE = YES_ERROR;
				CLANG_WARN_DOCUMENTATION_COMMENTS = YES;
				CLANG_WARN_EMPTY_BODY = YES;
				CLANG_WARN_ENUM_CONVERSION = YES;
				CLANG_WARN_INFINITE_RECURSION = YES;
				CLANG_WARN_INT_CONVERSION = YES;
				CLANG_WARN_NON_LITERAL_NULL_CONVERSION = YES;
				CLANG_WARN_OBJC_IMPLICIT_RETAIN_SELF = YES;
				CLANG_WARN_OBJC_LITERAL_CONVERSION = YES;
				CLANG_WARN_OBJC_ROOT_CLASS = YES_ERROR;
				CLANG_WARN_RANGE_LOOP_ANALYSIS = YES;
				CLANG_WARN_STRICT_PROTOTYPES = YES;
				CLANG_WARN_SUSPICIOUS_MOVE = YES;
				CLANG_WARN_UNGUARDED_AVAILABILITY = YES_AGGRESSIVE;
				CLANG_WARN_UNREACHABLE_CODE = YES;
				CLANG_WARN__DUPLICATE_METHOD_MATCH = YES;
				COPY_PHASE_STRIP = NO;
				DEBUG_INFORMATION_FORMAT = "dwarf-with-dsym";
				ENABLE_NS_ASSERTIONS = NO;
				ENABLE_STRICT_OBJC_MSGSEND = YES;
				GCC_C_LANGUAGE_STANDARD = gnu11;
				GCC_NO_COMMON_BLOCKS = YES;
				GCC_WARN_64_TO_32_BIT_CONVERSION = YES;
				GCC_WARN_ABOUT_RETURN_TYPE = YES_ERROR;
				GCC_WARN_UNDECLARED_SELECTOR = YES;
				GCC_WARN_UNINITIALIZED_AUTOS = YES_AGGRESSIVE;
				GCC_WARN_UNUSED_FUNCTION = YES;
				GCC_WARN_UNUSED_VARIABLE = YES;
				IPHONEOS_DEPLOYMENT_TARGET = 13.0;
				MTL_ENABLE_DEBUG_INFO = NO;
				MTL_FAST_MATH = YES;
				SDKROOT = iphoneos;
				SWIFT_COMPILATION_MODE = wholemodule;
				SWIFT_OPTIMIZATION_LEVEL = "-O";
				VALIDATE_PRODUCT = YES;
			};
			name = Release;
		};
		6D97C7D522CC1E840004E9D1 /* Debug */ = {
			isa = XCBuildConfiguration;
			buildSettings = {
				ASSETCATALOG_COMPILER_APPICON_NAME = AppIcon;
				CODE_SIGN_STYLE = Automatic;
				DEVELOPMENT_ASSET_PATHS = "SwiftUITourn/Preview\\ Content";
				DEVELOPMENT_TEAM = L897SQDS85;
				ENABLE_PREVIEWS = YES;
				INFOPLIST_FILE = SwiftUITourn/Info.plist;
				LD_RUNPATH_SEARCH_PATHS = (
					"$(inherited)",
					"@executable_path/Frameworks",
				);
				PRODUCT_BUNDLE_IDENTIFIER = com.SwiftUITourn;
				PRODUCT_NAME = "$(TARGET_NAME)";
				SWIFT_VERSION = 5.0;
				TARGETED_DEVICE_FAMILY = "1,2";
			};
			name = Debug;
		};
		6D97C7D622CC1E840004E9D1 /* Release */ = {
			isa = XCBuildConfiguration;
			buildSettings = {
				ASSETCATALOG_COMPILER_APPICON_NAME = AppIcon;
				CODE_SIGN_STYLE = Automatic;
				DEVELOPMENT_ASSET_PATHS = "SwiftUITourn/Preview\\ Content";
				DEVELOPMENT_TEAM = L897SQDS85;
				ENABLE_PREVIEWS = YES;
				INFOPLIST_FILE = SwiftUITourn/Info.plist;
				LD_RUNPATH_SEARCH_PATHS = (
					"$(inherited)",
					"@executable_path/Frameworks",
				);
				PRODUCT_BUNDLE_IDENTIFIER = com.SwiftUITourn;
				PRODUCT_NAME = "$(TARGET_NAME)";
				SWIFT_VERSION = 5.0;
				TARGETED_DEVICE_FAMILY = "1,2";
			};
			name = Release;
		};
		6D97C7D822CC1E840004E9D1 /* Debug */ = {
			isa = XCBuildConfiguration;
			buildSettings = {
				ALWAYS_EMBED_SWIFT_STANDARD_LIBRARIES = YES;
				BUNDLE_LOADER = "$(TEST_HOST)";
				CODE_SIGN_STYLE = Automatic;
				DEVELOPMENT_TEAM = L897SQDS85;
				INFOPLIST_FILE = SwiftUITournTests/Info.plist;
				LD_RUNPATH_SEARCH_PATHS = (
					"$(inherited)",
					"@executable_path/Frameworks",
					"@loader_path/Frameworks",
				);
				PRODUCT_BUNDLE_IDENTIFIER = com.SwiftUITournTests;
				PRODUCT_NAME = "$(TARGET_NAME)";
				SWIFT_VERSION = 5.0;
				TARGETED_DEVICE_FAMILY = "1,2";
				TEST_HOST = "$(BUILT_PRODUCTS_DIR)/SwiftUITourn.app/SwiftUITourn";
			};
			name = Debug;
		};
		6D97C7D922CC1E840004E9D1 /* Release */ = {
			isa = XCBuildConfiguration;
			buildSettings = {
				ALWAYS_EMBED_SWIFT_STANDARD_LIBRARIES = YES;
				BUNDLE_LOADER = "$(TEST_HOST)";
				CODE_SIGN_STYLE = Automatic;
				DEVELOPMENT_TEAM = L897SQDS85;
				INFOPLIST_FILE = SwiftUITournTests/Info.plist;
				LD_RUNPATH_SEARCH_PATHS = (
					"$(inherited)",
					"@executable_path/Frameworks",
					"@loader_path/Frameworks",
				);
				PRODUCT_BUNDLE_IDENTIFIER = com.SwiftUITournTests;
				PRODUCT_NAME = "$(TARGET_NAME)";
				SWIFT_VERSION = 5.0;
				TARGETED_DEVICE_FAMILY = "1,2";
				TEST_HOST = "$(BUILT_PRODUCTS_DIR)/SwiftUITourn.app/SwiftUITourn";
			};
			name = Release;
		};
		6D97C7DB22CC1E840004E9D1 /* Debug */ = {
			isa = XCBuildConfiguration;
			buildSettings = {
				ALWAYS_EMBED_SWIFT_STANDARD_LIBRARIES = YES;
				CODE_SIGN_STYLE = Automatic;
				DEVELOPMENT_TEAM = L897SQDS85;
				INFOPLIST_FILE = SwiftUITournUITests/Info.plist;
				LD_RUNPATH_SEARCH_PATHS = (
					"$(inherited)",
					"@executable_path/Frameworks",
					"@loader_path/Frameworks",
				);
				PRODUCT_BUNDLE_IDENTIFIER = com.SwiftUITournUITests;
				PRODUCT_NAME = "$(TARGET_NAME)";
				SWIFT_VERSION = 5.0;
				TARGETED_DEVICE_FAMILY = "1,2";
				TEST_TARGET_NAME = SwiftUITourn;
			};
			name = Debug;
		};
		6D97C7DC22CC1E840004E9D1 /* Release */ = {
			isa = XCBuildConfiguration;
			buildSettings = {
				ALWAYS_EMBED_SWIFT_STANDARD_LIBRARIES = YES;
				CODE_SIGN_STYLE = Automatic;
				DEVELOPMENT_TEAM = L897SQDS85;
				INFOPLIST_FILE = SwiftUITournUITests/Info.plist;
				LD_RUNPATH_SEARCH_PATHS = (
					"$(inherited)",
					"@executable_path/Frameworks",
					"@loader_path/Frameworks",
				);
				PRODUCT_BUNDLE_IDENTIFIER = com.SwiftUITournUITests;
				PRODUCT_NAME = "$(TARGET_NAME)";
				SWIFT_VERSION = 5.0;
				TARGETED_DEVICE_FAMILY = "1,2";
				TEST_TARGET_NAME = SwiftUITourn;
			};
			name = Release;
		};
/* End XCBuildConfiguration section */

/* Begin XCConfigurationList section */
		6D97C7A522CC1E810004E9D1 /* Build configuration list for PBXProject "SwiftUITourn" */ = {
			isa = XCConfigurationList;
			buildConfigurations = (
				6D97C7D222CC1E840004E9D1 /* Debug */,
				6D97C7D322CC1E840004E9D1 /* Release */,
			);
			defaultConfigurationIsVisible = 0;
			defaultConfigurationName = Release;
		};
		6D97C7D422CC1E840004E9D1 /* Build configuration list for PBXNativeTarget "SwiftUITourn" */ = {
			isa = XCConfigurationList;
			buildConfigurations = (
				6D97C7D522CC1E840004E9D1 /* Debug */,
				6D97C7D622CC1E840004E9D1 /* Release */,
			);
			defaultConfigurationIsVisible = 0;
			defaultConfigurationName = Release;
		};
		6D97C7D722CC1E840004E9D1 /* Build configuration list for PBXNativeTarget "SwiftUITournTests" */ = {
			isa = XCConfigurationList;
			buildConfigurations = (
				6D97C7D822CC1E840004E9D1 /* Debug */,
				6D97C7D922CC1E840004E9D1 /* Release */,
			);
			defaultConfigurationIsVisible = 0;
			defaultConfigurationName = Release;
		};
		6D97C7DA22CC1E840004E9D1 /* Build configuration list for PBXNativeTarget "SwiftUITournUITests" */ = {
			isa = XCConfigurationList;
			buildConfigurations = (
				6D97C7DB22CC1E840004E9D1 /* Debug */,
				6D97C7DC22CC1E840004E9D1 /* Release */,
			);
			defaultConfigurationIsVisible = 0;
			defaultConfigurationName = Release;
		};
/* End XCConfigurationList section */
	};
	rootObject = 6D97C7A222CC1E810004E9D1 /* Project object */;
}
